// !$*UTF8*$!
{
	archiveVersion = 1;
	classes = {
	};
	objectVersion = 46;
	objects = {

/* Begin PBXBuildFile section */
		490F91551CF785BF0031B8AE /* AKTravelInfoOverlayView.xib in Resources */ = {isa = PBXBuildFile; fileRef = 490F91541CF785BF0031B8AE /* AKTravelInfoOverlayView.xib */; };
		490F91581CF7870F0031B8AE /* AKCustomView.m in Sources */ = {isa = PBXBuildFile; fileRef = 490F91571CF7870F0031B8AE /* AKCustomView.m */; };
		490F915A1CF7876B0031B8AE /* AKTravelInfoOverlayView.swift in Sources */ = {isa = PBXBuildFile; fileRef = 490F91591CF7876B0031B8AE /* AKTravelInfoOverlayView.swift */; };
		4911908A1D74FC82007C5D32 /* AKPathRenderer.swift in Sources */ = {isa = PBXBuildFile; fileRef = 491190891D74FC82007C5D32 /* AKPathRenderer.swift */; };
		49199ABD1D15A367009A5A31 /* AKTravelsTableViewCell.xib in Resources */ = {isa = PBXBuildFile; fileRef = 49199ABC1D15A367009A5A31 /* AKTravelsTableViewCell.xib */; };
		49199ABF1D15A3DA009A5A31 /* AKTravelsTableViewCell.swift in Sources */ = {isa = PBXBuildFile; fileRef = 49199ABE1D15A3DA009A5A31 /* AKTravelsTableViewCell.swift */; };
		4922DD701CE679CE003E0AFB /* AKPreviousTravelsViewController.swift in Sources */ = {isa = PBXBuildFile; fileRef = 4922DD6F1CE679CE003E0AFB /* AKPreviousTravelsViewController.swift */; };
		4922DD721CE67C01003E0AFB /* AKViewTravelViewController.swift in Sources */ = {isa = PBXBuildFile; fileRef = 4922DD711CE67C01003E0AFB /* AKViewTravelViewController.swift */; };
		4934C6781D0AF920004754AF /* AKFileUtils.swift in Sources */ = {isa = PBXBuildFile; fileRef = 4934C6771D0AF920004754AF /* AKFileUtils.swift */; };
		4934C67A1D0B5FEB004754AF /* AKMasterFile.swift in Sources */ = {isa = PBXBuildFile; fileRef = 4934C6791D0B5FEB004754AF /* AKMasterFile.swift */; };
		4937B1AB1D6B790900BED13B /* AKMainTabController.swift in Sources */ = {isa = PBXBuildFile; fileRef = 4937B1AA1D6B790900BED13B /* AKMainTabController.swift */; };
		4937B1AF1D6BFA5800BED13B /* 0007-030px.png in Resources */ = {isa = PBXBuildFile; fileRef = 4937B1AC1D6BFA5800BED13B /* 0007-030px.png */; };
		4937B1B01D6BFA5800BED13B /* 0008-030px.png in Resources */ = {isa = PBXBuildFile; fileRef = 4937B1AD1D6BFA5800BED13B /* 0008-030px.png */; };
		4937B1B11D6BFA5800BED13B /* 0009-030px.png in Resources */ = {isa = PBXBuildFile; fileRef = 4937B1AE1D6BFA5800BED13B /* 0009-030px.png */; };
		495683341CEA235B0057B06E /* AKCustomViewController.swift in Sources */ = {isa = PBXBuildFile; fileRef = 495683331CEA235B0057B06E /* AKCustomViewController.swift */; };
		495683361CEA268B0057B06E /* AKConstants.swift in Sources */ = {isa = PBXBuildFile; fileRef = 495683351CEA268B0057B06E /* AKConstants.swift */; };
		495683391CEA57BC0057B06E /* AKInputData.swift in Sources */ = {isa = PBXBuildFile; fileRef = 495683371CEA57BC0057B06E /* AKInputData.swift */; };
		4956833A1CEA57BC0057B06E /* AKTravelSegment.swift in Sources */ = {isa = PBXBuildFile; fileRef = 495683381CEA57BC0057B06E /* AKTravelSegment.swift */; };
		4967CF981D060A560050DDF2 /* AKFilters.swift in Sources */ = {isa = PBXBuildFile; fileRef = 4967CF971D060A560050DDF2 /* AKFilters.swift */; };
		497ED46E1D66124B003CE13E /* 0004-024px.png in Resources */ = {isa = PBXBuildFile; fileRef = 497ED46D1D66124B003CE13E /* 0004-024px.png */; };
		497ED4701D6613FC003CE13E /* 0005-024px.png in Resources */ = {isa = PBXBuildFile; fileRef = 497ED46F1D6613FC003CE13E /* 0005-024px.png */; };
		499DB6801CB6E8B900342742 /* 0001-512px.png in Resources */ = {isa = PBXBuildFile; fileRef = 499DB6791CB6E8B900342742 /* 0001-512px.png */; };
		499DB6811CB6E8B900342742 /* AppIcon-29@2x.png in Resources */ = {isa = PBXBuildFile; fileRef = 499DB67A1CB6E8B900342742 /* AppIcon-29@2x.png */; };
		499DB6821CB6E8B900342742 /* AppIcon-29@3x.png in Resources */ = {isa = PBXBuildFile; fileRef = 499DB67B1CB6E8B900342742 /* AppIcon-29@3x.png */; };
		499DB6831CB6E8B900342742 /* AppIcon-40@2x.png in Resources */ = {isa = PBXBuildFile; fileRef = 499DB67C1CB6E8B900342742 /* AppIcon-40@2x.png */; };
		499DB6841CB6E8B900342742 /* AppIcon-40@3x.png in Resources */ = {isa = PBXBuildFile; fileRef = 499DB67D1CB6E8B900342742 /* AppIcon-40@3x.png */; };
		499DB6851CB6E8B900342742 /* AppIcon-60@2x.png in Resources */ = {isa = PBXBuildFile; fileRef = 499DB67E1CB6E8B900342742 /* AppIcon-60@2x.png */; };
		499DB6861CB6E8B900342742 /* AppIcon-60@3x.png in Resources */ = {isa = PBXBuildFile; fileRef = 499DB67F1CB6E8B900342742 /* AppIcon-60@3x.png */; };
		499DB6881CB6EAD500342742 /* AKRecordTravelViewController.swift in Sources */ = {isa = PBXBuildFile; fileRef = 499DB6871CB6EAD500342742 /* AKRecordTravelViewController.swift */; };
		499DB6951CB6F24200342742 /* 0002-044px.png in Resources */ = {isa = PBXBuildFile; fileRef = 499DB6941CB6F24200342742 /* 0002-044px.png */; };
		49B138F71D09BDC70071E0DB /* AKDetection.swift in Sources */ = {isa = PBXBuildFile; fileRef = 49B138F61D09BDC70071E0DB /* AKDetection.swift */; };
		49B252231CB2F84D005C88C9 /* CHANGES.txt in Resources */ = {isa = PBXBuildFile; fileRef = 49B252211CB2F84D005C88C9 /* CHANGES.txt */; };
		49B252321CB2FA13005C88C9 /* AKAppDelegate.swift in Sources */ = {isa = PBXBuildFile; fileRef = 49B252271CB2FA13005C88C9 /* AKAppDelegate.swift */; };
		49B252341CB2FA13005C88C9 /* AKMain.storyboard in Resources */ = {isa = PBXBuildFile; fileRef = 49B252291CB2FA13005C88C9 /* AKMain.storyboard */; };
		49B252351CB2FA13005C88C9 /* Assets.xcassets in Resources */ = {isa = PBXBuildFile; fileRef = 49B2522D1CB2FA13005C88C9 /* Assets.xcassets */; };
		49B7C67D1D675066004C7410 /* 0006-024px.png in Resources */ = {isa = PBXBuildFile; fileRef = 49B7C67C1D675066004C7410 /* 0006-024px.png */; };
		49BEBB1A1CEA635F00A5FC12 /* AKTravel.swift in Sources */ = {isa = PBXBuildFile; fileRef = 49BEBB191CEA635F00A5FC12 /* AKTravel.swift */; };
		49C9BADE1E242C5C00C466EC /* AKDIMOverlay.swift in Sources */ = {isa = PBXBuildFile; fileRef = 49C9BADC1E242C5C00C466EC /* AKDIMOverlay.swift */; };
		49C9BADF1E242C5C00C466EC /* AKDIMOverlayRenderer.swift in Sources */ = {isa = PBXBuildFile; fileRef = 49C9BADD1E242C5C00C466EC /* AKDIMOverlayRenderer.swift */; };
		49CAA8471D1B3A25007BDD57 /* 0003-128px.png in Resources */ = {isa = PBXBuildFile; fileRef = 49CAA8461D1B3A25007BDD57 /* 0003-128px.png */; };
		F659B09BE1C8F648E866A8EE /* Pods_GDSA.framework in Frameworks */ = {isa = PBXBuildFile; fileRef = 112557B2B953CDA77E4FF6A8 /* Pods_GDSA.framework */; };
/* End PBXBuildFile section */

/* Begin PBXFileReference section */
		112557B2B953CDA77E4FF6A8 /* Pods_GDSA.framework */ = {isa = PBXFileReference; explicitFileType = wrapper.framework; includeInIndex = 0; path = Pods_GDSA.framework; sourceTree = BUILT_PRODUCTS_DIR; };
		171705F8CE2165FB5BB5DD10 /* Pods-GDSA.release.xcconfig */ = {isa = PBXFileReference; includeInIndex = 1; lastKnownFileType = text.xcconfig; name = "Pods-GDSA.release.xcconfig"; path = "Pods/Target Support Files/Pods-GDSA/Pods-GDSA.release.xcconfig"; sourceTree = "<group>"; };
		490F91541CF785BF0031B8AE /* AKTravelInfoOverlayView.xib */ = {isa = PBXFileReference; fileEncoding = 4; lastKnownFileType = file.xib; path = AKTravelInfoOverlayView.xib; sourceTree = "<group>"; };
		490F91561CF7870F0031B8AE /* AKCustomView.h */ = {isa = PBXFileReference; fileEncoding = 4; lastKnownFileType = sourcecode.c.h; path = AKCustomView.h; sourceTree = "<group>"; };
		490F91571CF7870F0031B8AE /* AKCustomView.m */ = {isa = PBXFileReference; fileEncoding = 4; lastKnownFileType = sourcecode.c.objc; path = AKCustomView.m; sourceTree = "<group>"; };
		490F91591CF7876B0031B8AE /* AKTravelInfoOverlayView.swift */ = {isa = PBXFileReference; fileEncoding = 4; lastKnownFileType = sourcecode.swift; path = AKTravelInfoOverlayView.swift; sourceTree = "<group>"; };
		491190891D74FC82007C5D32 /* AKPathRenderer.swift */ = {isa = PBXFileReference; fileEncoding = 4; lastKnownFileType = sourcecode.swift; path = AKPathRenderer.swift; sourceTree = "<group>"; };
		49199ABC1D15A367009A5A31 /* AKTravelsTableViewCell.xib */ = {isa = PBXFileReference; fileEncoding = 4; lastKnownFileType = file.xib; path = AKTravelsTableViewCell.xib; sourceTree = "<group>"; };
		49199ABE1D15A3DA009A5A31 /* AKTravelsTableViewCell.swift */ = {isa = PBXFileReference; fileEncoding = 4; lastKnownFileType = sourcecode.swift; path = AKTravelsTableViewCell.swift; sourceTree = "<group>"; };
		4922DD6F1CE679CE003E0AFB /* AKPreviousTravelsViewController.swift */ = {isa = PBXFileReference; fileEncoding = 4; lastKnownFileType = sourcecode.swift; path = AKPreviousTravelsViewController.swift; sourceTree = "<group>"; };
		4922DD711CE67C01003E0AFB /* AKViewTravelViewController.swift */ = {isa = PBXFileReference; fileEncoding = 4; lastKnownFileType = sourcecode.swift; path = AKViewTravelViewController.swift; sourceTree = "<group>"; };
		4934C6771D0AF920004754AF /* AKFileUtils.swift */ = {isa = PBXFileReference; fileEncoding = 4; lastKnownFileType = sourcecode.swift; path = AKFileUtils.swift; sourceTree = "<group>"; };
		4934C6791D0B5FEB004754AF /* AKMasterFile.swift */ = {isa = PBXFileReference; fileEncoding = 4; lastKnownFileType = sourcecode.swift; path = AKMasterFile.swift; sourceTree = "<group>"; };
		4937B1AA1D6B790900BED13B /* AKMainTabController.swift */ = {isa = PBXFileReference; fileEncoding = 4; lastKnownFileType = sourcecode.swift; path = AKMainTabController.swift; sourceTree = "<group>"; };
		4937B1AC1D6BFA5800BED13B /* 0007-030px.png */ = {isa = PBXFileReference; lastKnownFileType = image.png; path = "0007-030px.png"; sourceTree = "<group>"; };
		4937B1AD1D6BFA5800BED13B /* 0008-030px.png */ = {isa = PBXFileReference; lastKnownFileType = image.png; path = "0008-030px.png"; sourceTree = "<group>"; };
		4937B1AE1D6BFA5800BED13B /* 0009-030px.png */ = {isa = PBXFileReference; lastKnownFileType = image.png; path = "0009-030px.png"; sourceTree = "<group>"; };
		495683331CEA235B0057B06E /* AKCustomViewController.swift */ = {isa = PBXFileReference; fileEncoding = 4; lastKnownFileType = sourcecode.swift; path = AKCustomViewController.swift; sourceTree = "<group>"; };
		495683351CEA268B0057B06E /* AKConstants.swift */ = {isa = PBXFileReference; fileEncoding = 4; lastKnownFileType = sourcecode.swift; path = AKConstants.swift; sourceTree = "<group>"; };
		495683371CEA57BC0057B06E /* AKInputData.swift */ = {isa = PBXFileReference; fileEncoding = 4; lastKnownFileType = sourcecode.swift; path = AKInputData.swift; sourceTree = "<group>"; };
		495683381CEA57BC0057B06E /* AKTravelSegment.swift */ = {isa = PBXFileReference; fileEncoding = 4; lastKnownFileType = sourcecode.swift; path = AKTravelSegment.swift; sourceTree = "<group>"; };
		4967CF971D060A560050DDF2 /* AKFilters.swift */ = {isa = PBXFileReference; fileEncoding = 4; lastKnownFileType = sourcecode.swift; path = AKFilters.swift; sourceTree = "<group>"; };
		497ED46D1D66124B003CE13E /* 0004-024px.png */ = {isa = PBXFileReference; lastKnownFileType = image.png; path = "0004-024px.png"; sourceTree = "<group>"; };
		497ED46F1D6613FC003CE13E /* 0005-024px.png */ = {isa = PBXFileReference; lastKnownFileType = image.png; path = "0005-024px.png"; sourceTree = "<group>"; };
		499DB6791CB6E8B900342742 /* 0001-512px.png */ = {isa = PBXFileReference; lastKnownFileType = image.png; path = "0001-512px.png"; sourceTree = "<group>"; };
		499DB67A1CB6E8B900342742 /* AppIcon-29@2x.png */ = {isa = PBXFileReference; lastKnownFileType = image.png; path = "AppIcon-29@2x.png"; sourceTree = "<group>"; };
		499DB67B1CB6E8B900342742 /* AppIcon-29@3x.png */ = {isa = PBXFileReference; lastKnownFileType = image.png; path = "AppIcon-29@3x.png"; sourceTree = "<group>"; };
		499DB67C1CB6E8B900342742 /* AppIcon-40@2x.png */ = {isa = PBXFileReference; lastKnownFileType = image.png; path = "AppIcon-40@2x.png"; sourceTree = "<group>"; };
		499DB67D1CB6E8B900342742 /* AppIcon-40@3x.png */ = {isa = PBXFileReference; lastKnownFileType = image.png; path = "AppIcon-40@3x.png"; sourceTree = "<group>"; };
		499DB67E1CB6E8B900342742 /* AppIcon-60@2x.png */ = {isa = PBXFileReference; lastKnownFileType = image.png; path = "AppIcon-60@2x.png"; sourceTree = "<group>"; };
		499DB67F1CB6E8B900342742 /* AppIcon-60@3x.png */ = {isa = PBXFileReference; lastKnownFileType = image.png; path = "AppIcon-60@3x.png"; sourceTree = "<group>"; };
		499DB6871CB6EAD500342742 /* AKRecordTravelViewController.swift */ = {isa = PBXFileReference; fileEncoding = 4; lastKnownFileType = sourcecode.swift; path = AKRecordTravelViewController.swift; sourceTree = "<group>"; };
		499DB68B1CB6ECE500342742 /* AKBridgingHeader.h */ = {isa = PBXFileReference; fileEncoding = 4; lastKnownFileType = sourcecode.c.h; path = AKBridgingHeader.h; sourceTree = "<group>"; };
		499DB6941CB6F24200342742 /* 0002-044px.png */ = {isa = PBXFileReference; lastKnownFileType = image.png; path = "0002-044px.png"; sourceTree = "<group>"; };
		49B138F61D09BDC70071E0DB /* AKDetection.swift */ = {isa = PBXFileReference; fileEncoding = 4; lastKnownFileType = sourcecode.swift; path = AKDetection.swift; sourceTree = "<group>"; };
		49B251F11CB2F26B005C88C9 /* GDSA.app */ = {isa = PBXFileReference; explicitFileType = wrapper.application; includeInIndex = 0; path = GDSA.app; sourceTree = BUILT_PRODUCTS_DIR; };
		49B252211CB2F84D005C88C9 /* CHANGES.txt */ = {isa = PBXFileReference; fileEncoding = 4; lastKnownFileType = text; path = CHANGES.txt; sourceTree = "<group>"; };
		49B252221CB2F84D005C88C9 /* Podfile */ = {isa = PBXFileReference; fileEncoding = 4; lastKnownFileType = text; path = Podfile; sourceTree = "<group>"; xcLanguageSpecificationIdentifier = xcode.lang.ruby; };
		49B252271CB2FA13005C88C9 /* AKAppDelegate.swift */ = {isa = PBXFileReference; fileEncoding = 4; lastKnownFileType = sourcecode.swift; path = AKAppDelegate.swift; sourceTree = "<group>"; };
		49B252291CB2FA13005C88C9 /* AKMain.storyboard */ = {isa = PBXFileReference; fileEncoding = 4; lastKnownFileType = file.storyboard; path = AKMain.storyboard; sourceTree = "<group>"; };
		49B2522D1CB2FA13005C88C9 /* Assets.xcassets */ = {isa = PBXFileReference; lastKnownFileType = folder.assetcatalog; path = Assets.xcassets; sourceTree = "<group>"; };
		49B252311CB2FA13005C88C9 /* Info.plist */ = {isa = PBXFileReference; fileEncoding = 4; lastKnownFileType = text.plist.xml; path = Info.plist; sourceTree = "<group>"; };
		49B7C67C1D675066004C7410 /* 0006-024px.png */ = {isa = PBXFileReference; lastKnownFileType = image.png; path = "0006-024px.png"; sourceTree = "<group>"; };
		49BEBB191CEA635F00A5FC12 /* AKTravel.swift */ = {isa = PBXFileReference; fileEncoding = 4; lastKnownFileType = sourcecode.swift; path = AKTravel.swift; sourceTree = "<group>"; };
		49C9BADC1E242C5C00C466EC /* AKDIMOverlay.swift */ = {isa = PBXFileReference; fileEncoding = 4; lastKnownFileType = sourcecode.swift; path = AKDIMOverlay.swift; sourceTree = "<group>"; };
		49C9BADD1E242C5C00C466EC /* AKDIMOverlayRenderer.swift */ = {isa = PBXFileReference; fileEncoding = 4; lastKnownFileType = sourcecode.swift; path = AKDIMOverlayRenderer.swift; sourceTree = "<group>"; };
		49CAA8461D1B3A25007BDD57 /* 0003-128px.png */ = {isa = PBXFileReference; lastKnownFileType = image.png; path = "0003-128px.png"; sourceTree = "<group>"; };
		D07A537C06C51C24CADEF4A3 /* Pods-GDSA.debug.xcconfig */ = {isa = PBXFileReference; includeInIndex = 1; lastKnownFileType = text.xcconfig; name = "Pods-GDSA.debug.xcconfig"; path = "Pods/Target Support Files/Pods-GDSA/Pods-GDSA.debug.xcconfig"; sourceTree = "<group>"; };
		E02FA7FCAA3C364950EA04A8 /* Pods.framework */ = {isa = PBXFileReference; explicitFileType = wrapper.framework; includeInIndex = 0; path = Pods.framework; sourceTree = BUILT_PRODUCTS_DIR; };
/* End PBXFileReference section */

/* Begin PBXFrameworksBuildPhase section */
		49B251EE1CB2F26B005C88C9 /* Frameworks */ = {
			isa = PBXFrameworksBuildPhase;
			buildActionMask = 2147483647;
			files = (
				F659B09BE1C8F648E866A8EE /* Pods_GDSA.framework in Frameworks */,
			);
			runOnlyForDeploymentPostprocessing = 0;
		};
/* End PBXFrameworksBuildPhase section */

/* Begin PBXGroup section */
		491190821D74F60C007C5D32 /* AKPathRenderer */ = {
			isa = PBXGroup;
			children = (
				491190891D74FC82007C5D32 /* AKPathRenderer.swift */,
			);
			path = AKPathRenderer;
			sourceTree = "<group>";
		};
		495683321CEA235B0057B06E /* AKCustomComponents */ = {
			isa = PBXGroup;
			children = (
				490F91561CF7870F0031B8AE /* AKCustomView.h */,
				490F91571CF7870F0031B8AE /* AKCustomView.m */,
				495683331CEA235B0057B06E /* AKCustomViewController.swift */,
				490F91591CF7876B0031B8AE /* AKTravelInfoOverlayView.swift */,
				49199ABE1D15A3DA009A5A31 /* AKTravelsTableViewCell.swift */,
			);
			path = AKCustomComponents;
			sourceTree = "<group>";
		};
		4981C7EB1D55530200908876 /* Routes */ = {
			isa = PBXGroup;
			children = (
			);
			path = Routes;
			sourceTree = "<group>";
		};
		499DB6781CB6E8B900342742 /* Images */ = {
			isa = PBXGroup;
			children = (
				499DB6791CB6E8B900342742 /* 0001-512px.png */,
				499DB6941CB6F24200342742 /* 0002-044px.png */,
				49CAA8461D1B3A25007BDD57 /* 0003-128px.png */,
				497ED46D1D66124B003CE13E /* 0004-024px.png */,
				497ED46F1D6613FC003CE13E /* 0005-024px.png */,
				49B7C67C1D675066004C7410 /* 0006-024px.png */,
				4937B1AC1D6BFA5800BED13B /* 0007-030px.png */,
				4937B1AD1D6BFA5800BED13B /* 0008-030px.png */,
				4937B1AE1D6BFA5800BED13B /* 0009-030px.png */,
				499DB67A1CB6E8B900342742 /* AppIcon-29@2x.png */,
				499DB67B1CB6E8B900342742 /* AppIcon-29@3x.png */,
				499DB67C1CB6E8B900342742 /* AppIcon-40@2x.png */,
				499DB67D1CB6E8B900342742 /* AppIcon-40@3x.png */,
				499DB67E1CB6E8B900342742 /* AppIcon-60@2x.png */,
				499DB67F1CB6E8B900342742 /* AppIcon-60@3x.png */,
			);
			path = Images;
			sourceTree = "<group>";
		};
		49B251E81CB2F26B005C88C9 = {
			isa = PBXGroup;
			children = (
				49B252221CB2F84D005C88C9 /* Podfile */,
				49B252211CB2F84D005C88C9 /* CHANGES.txt */,
				49B251F31CB2F26B005C88C9 /* GDSA */,
				49B251F21CB2F26B005C88C9 /* Products */,
				66481AA77F176DBE344C17C0 /* Frameworks */,
				FCD4DC74015B20907FBFDD77 /* Pods */,
			);
			sourceTree = "<group>";
		};
		49B251F21CB2F26B005C88C9 /* Products */ = {
			isa = PBXGroup;
			children = (
				49B251F11CB2F26B005C88C9 /* GDSA.app */,
			);
			name = Products;
			sourceTree = "<group>";
		};
		49B251F31CB2F26B005C88C9 /* GDSA */ = {
			isa = PBXGroup;
			children = (
				49B252251CB2FA13005C88C9 /* iPhone */,
				49B2522C1CB2FA13005C88C9 /* Resources */,
				49B2522E1CB2FA13005C88C9 /* Shared */,
				49B252301CB2FA13005C88C9 /* Supporting Files */,
			);
			path = GDSA;
			sourceTree = "<group>";
		};
		49B252251CB2FA13005C88C9 /* iPhone */ = {
			isa = PBXGroup;
			children = (
				49B252261CB2FA13005C88C9 /* Application */,
				49B2522A1CB2FA13005C88C9 /* Controllers */,
				49B2522B1CB2FA13005C88C9 /* Views */,
			);
			path = iPhone;
			sourceTree = "<group>";
		};
		49B252261CB2FA13005C88C9 /* Application */ = {
			isa = PBXGroup;
			children = (
				49B252271CB2FA13005C88C9 /* AKAppDelegate.swift */,
				499DB68B1CB6ECE500342742 /* AKBridgingHeader.h */,
				49B252291CB2FA13005C88C9 /* AKMain.storyboard */,
			);
			path = Application;
			sourceTree = "<group>";
		};
		49B2522A1CB2FA13005C88C9 /* Controllers */ = {
			isa = PBXGroup;
			children = (
				4937B1AA1D6B790900BED13B /* AKMainTabController.swift */,
				4922DD6F1CE679CE003E0AFB /* AKPreviousTravelsViewController.swift */,
				499DB6871CB6EAD500342742 /* AKRecordTravelViewController.swift */,
				4922DD711CE67C01003E0AFB /* AKViewTravelViewController.swift */,
			);
			path = Controllers;
			sourceTree = "<group>";
		};
		49B2522B1CB2FA13005C88C9 /* Views */ = {
			isa = PBXGroup;
			children = (
				490F91541CF785BF0031B8AE /* AKTravelInfoOverlayView.xib */,
				49199ABC1D15A367009A5A31 /* AKTravelsTableViewCell.xib */,
			);
			path = Views;
			sourceTree = "<group>";
		};
		49B2522C1CB2FA13005C88C9 /* Resources */ = {
			isa = PBXGroup;
			children = (
				49B2522D1CB2FA13005C88C9 /* Assets.xcassets */,
				499DB6781CB6E8B900342742 /* Images */,
				4981C7EB1D55530200908876 /* Routes */,
			);
			path = Resources;
			sourceTree = "<group>";
		};
		49B2522E1CB2FA13005C88C9 /* Shared */ = {
			isa = PBXGroup;
			children = (
				49B2522F1CB2FA13005C88C9 /* Library */,
			);
			path = Shared;
			sourceTree = "<group>";
		};
		49B2522F1CB2FA13005C88C9 /* Library */ = {
			isa = PBXGroup;
			children = (
				495683351CEA268B0057B06E /* AKConstants.swift */,
				495683321CEA235B0057B06E /* AKCustomComponents */,
				49B138F61D09BDC70071E0DB /* AKDetection.swift */,
				49C9BADC1E242C5C00C466EC /* AKDIMOverlay.swift */,
				49C9BADD1E242C5C00C466EC /* AKDIMOverlayRenderer.swift */,
				4934C6771D0AF920004754AF /* AKFileUtils.swift */,
				4967CF971D060A560050DDF2 /* AKFilters.swift */,
				495683371CEA57BC0057B06E /* AKInputData.swift */,
				4934C6791D0B5FEB004754AF /* AKMasterFile.swift */,
				491190821D74F60C007C5D32 /* AKPathRenderer */,
				49BEBB191CEA635F00A5FC12 /* AKTravel.swift */,
				495683381CEA57BC0057B06E /* AKTravelSegment.swift */,
			);
			path = Library;
			sourceTree = "<group>";
		};
		49B252301CB2FA13005C88C9 /* Supporting Files */ = {
			isa = PBXGroup;
			children = (
				49B252311CB2FA13005C88C9 /* Info.plist */,
			);
			path = "Supporting Files";
			sourceTree = "<group>";
		};
		66481AA77F176DBE344C17C0 /* Frameworks */ = {
			isa = PBXGroup;
			children = (
				E02FA7FCAA3C364950EA04A8 /* Pods.framework */,
				112557B2B953CDA77E4FF6A8 /* Pods_GDSA.framework */,
			);
			name = Frameworks;
			sourceTree = "<group>";
		};
		FCD4DC74015B20907FBFDD77 /* Pods */ = {
			isa = PBXGroup;
			children = (
				D07A537C06C51C24CADEF4A3 /* Pods-GDSA.debug.xcconfig */,
				171705F8CE2165FB5BB5DD10 /* Pods-GDSA.release.xcconfig */,
			);
			name = Pods;
			sourceTree = "<group>";
		};
/* End PBXGroup section */

/* Begin PBXNativeTarget section */
		49B251F01CB2F26B005C88C9 /* GDSA */ = {
			isa = PBXNativeTarget;
			buildConfigurationList = 49B252031CB2F26B005C88C9 /* Build configuration list for PBXNativeTarget "GDSA" */;
			buildPhases = (
				70EC6209DE3F8C3CD248A13A /* [CP] Check Pods Manifest.lock */,
				49B251ED1CB2F26B005C88C9 /* Sources */,
				49B251EE1CB2F26B005C88C9 /* Frameworks */,
				49B251EF1CB2F26B005C88C9 /* Resources */,
				CA0DF43C6FA263BEF7DC15AD /* [CP] Embed Pods Frameworks */,
				62360F53DBDECB0415DA46A7 /* [CP] Copy Pods Resources */,
			);
			buildRules = (
			);
			dependencies = (
			);
			name = GDSA;
			productName = GDSA;
			productReference = 49B251F11CB2F26B005C88C9 /* GDSA.app */;
			productType = "com.apple.product-type.application";
		};
/* End PBXNativeTarget section */

/* Begin PBXProject section */
		49B251E91CB2F26B005C88C9 /* Project object */ = {
			isa = PBXProject;
			attributes = {
				CLASSPREFIX = AK;
				LastSwiftUpdateCheck = 0730;
				LastUpgradeCheck = 0800;
				ORGANIZATIONNAME = APKC.net;
				TargetAttributes = {
					49B251F01CB2F26B005C88C9 = {
						CreatedOnToolsVersion = 7.3;
						DevelopmentTeam = 8JQ7MFA6Q2;
						LastSwiftMigration = 0800;
						SystemCapabilities = {
							com.apple.BackgroundModes = {
								enabled = 1;
							};
							com.apple.Maps.iOS = {
								enabled = 0;
							};
						};
					};
				};
			};
			buildConfigurationList = 49B251EC1CB2F26B005C88C9 /* Build configuration list for PBXProject "GDSA" */;
			compatibilityVersion = "Xcode 3.2";
			developmentRegion = English;
			hasScannedForEncodings = 0;
			knownRegions = (
				en,
				Base,
			);
			mainGroup = 49B251E81CB2F26B005C88C9;
			productRefGroup = 49B251F21CB2F26B005C88C9 /* Products */;
			projectDirPath = "";
			projectRoot = "";
			targets = (
				49B251F01CB2F26B005C88C9 /* GDSA */,
			);
		};
/* End PBXProject section */

/* Begin PBXResourcesBuildPhase section */
		49B251EF1CB2F26B005C88C9 /* Resources */ = {
			isa = PBXResourcesBuildPhase;
			buildActionMask = 2147483647;
			files = (
				499DB6801CB6E8B900342742 /* 0001-512px.png in Resources */,
				499DB6951CB6F24200342742 /* 0002-044px.png in Resources */,
				49CAA8471D1B3A25007BDD57 /* 0003-128px.png in Resources */,
				497ED46E1D66124B003CE13E /* 0004-024px.png in Resources */,
				497ED4701D6613FC003CE13E /* 0005-024px.png in Resources */,
				49B7C67D1D675066004C7410 /* 0006-024px.png in Resources */,
				4937B1AF1D6BFA5800BED13B /* 0007-030px.png in Resources */,
				4937B1B01D6BFA5800BED13B /* 0008-030px.png in Resources */,
				4937B1B11D6BFA5800BED13B /* 0009-030px.png in Resources */,
				499DB6811CB6E8B900342742 /* AppIcon-29@2x.png in Resources */,
				499DB6821CB6E8B900342742 /* AppIcon-29@3x.png in Resources */,
				499DB6831CB6E8B900342742 /* AppIcon-40@2x.png in Resources */,
				499DB6841CB6E8B900342742 /* AppIcon-40@3x.png in Resources */,
				499DB6851CB6E8B900342742 /* AppIcon-60@2x.png in Resources */,
				499DB6861CB6E8B900342742 /* AppIcon-60@3x.png in Resources */,
				49B252341CB2FA13005C88C9 /* AKMain.storyboard in Resources */,
				490F91551CF785BF0031B8AE /* AKTravelInfoOverlayView.xib in Resources */,
				49199ABD1D15A367009A5A31 /* AKTravelsTableViewCell.xib in Resources */,
				49B252351CB2FA13005C88C9 /* Assets.xcassets in Resources */,
				49B252231CB2F84D005C88C9 /* CHANGES.txt in Resources */,
			);
			runOnlyForDeploymentPostprocessing = 0;
		};
/* End PBXResourcesBuildPhase section */

/* Begin PBXShellScriptBuildPhase section */
		62360F53DBDECB0415DA46A7 /* [CP] Copy Pods Resources */ = {
			isa = PBXShellScriptBuildPhase;
			buildActionMask = 2147483647;
			files = (
			);
			inputPaths = (
			);
			name = "[CP] Copy Pods Resources";
			outputPaths = (
			);
			runOnlyForDeploymentPostprocessing = 0;
			shellPath = /bin/sh;
			shellScript = "\"${SRCROOT}/Pods/Target Support Files/Pods-GDSA/Pods-GDSA-resources.sh\"\n";
			showEnvVarsInLog = 0;
		};
		70EC6209DE3F8C3CD248A13A /* [CP] Check Pods Manifest.lock */ = {
			isa = PBXShellScriptBuildPhase;
			buildActionMask = 2147483647;
			files = (
			);
			inputPaths = (
			);
			name = "[CP] Check Pods Manifest.lock";
			outputPaths = (
			);
			runOnlyForDeploymentPostprocessing = 0;
			shellPath = /bin/sh;
			shellScript = "diff \"${PODS_ROOT}/../Podfile.lock\" \"${PODS_ROOT}/Manifest.lock\" > /dev/null\nif [[ $? != 0 ]] ; then\n    cat << EOM\nerror: The sandbox is not in sync with the Podfile.lock. Run 'pod install' or update your CocoaPods installation.\nEOM\n    exit 1\nfi\n";
			showEnvVarsInLog = 0;
		};
		CA0DF43C6FA263BEF7DC15AD /* [CP] Embed Pods Frameworks */ = {
			isa = PBXShellScriptBuildPhase;
			buildActionMask = 2147483647;
			files = (
			);
			inputPaths = (
			);
			name = "[CP] Embed Pods Frameworks";
			outputPaths = (
			);
			runOnlyForDeploymentPostprocessing = 0;
			shellPath = /bin/sh;
			shellScript = "\"${SRCROOT}/Pods/Target Support Files/Pods-GDSA/Pods-GDSA-frameworks.sh\"\n";
			showEnvVarsInLog = 0;
		};
/* End PBXShellScriptBuildPhase section */

/* Begin PBXSourcesBuildPhase section */
		49B251ED1CB2F26B005C88C9 /* Sources */ = {
			isa = PBXSourcesBuildPhase;
			buildActionMask = 2147483647;
			files = (
				49BEBB1A1CEA635F00A5FC12 /* AKTravel.swift in Sources */,
				49B252321CB2FA13005C88C9 /* AKAppDelegate.swift in Sources */,
				495683361CEA268B0057B06E /* AKConstants.swift in Sources */,
				499DB6881CB6EAD500342742 /* AKRecordTravelViewController.swift in Sources */,
				4922DD721CE67C01003E0AFB /* AKViewTravelViewController.swift in Sources */,
				4934C67A1D0B5FEB004754AF /* AKMasterFile.swift in Sources */,
				495683391CEA57BC0057B06E /* AKInputData.swift in Sources */,
				4911908A1D74FC82007C5D32 /* AKPathRenderer.swift in Sources */,
				49199ABF1D15A3DA009A5A31 /* AKTravelsTableViewCell.swift in Sources */,
				4922DD701CE679CE003E0AFB /* AKPreviousTravelsViewController.swift in Sources */,
				4934C6781D0AF920004754AF /* AKFileUtils.swift in Sources */,
				4967CF981D060A560050DDF2 /* AKFilters.swift in Sources */,
				49C9BADF1E242C5C00C466EC /* AKDIMOverlayRenderer.swift in Sources */,
				490F91581CF7870F0031B8AE /* AKCustomView.m in Sources */,
				49B138F71D09BDC70071E0DB /* AKDetection.swift in Sources */,
				4956833A1CEA57BC0057B06E /* AKTravelSegment.swift in Sources */,
				4937B1AB1D6B790900BED13B /* AKMainTabController.swift in Sources */,
				49C9BADE1E242C5C00C466EC /* AKDIMOverlay.swift in Sources */,
				495683341CEA235B0057B06E /* AKCustomViewController.swift in Sources */,
				490F915A1CF7876B0031B8AE /* AKTravelInfoOverlayView.swift in Sources */,
			);
			runOnlyForDeploymentPostprocessing = 0;
		};
/* End PBXSourcesBuildPhase section */

/* Begin XCBuildConfiguration section */
		49B252011CB2F26B005C88C9 /* Debug */ = {
			isa = XCBuildConfiguration;
			buildSettings = {
				ALWAYS_SEARCH_USER_PATHS = NO;
				CLANG_ANALYZER_NONNULL = YES;
				CLANG_CXX_LANGUAGE_STANDARD = "gnu++0x";
				CLANG_CXX_LIBRARY = "libc++";
				CLANG_ENABLE_MODULES = YES;
				CLANG_ENABLE_OBJC_ARC = YES;
				CLANG_WARN_BOOL_CONVERSION = YES;
				CLANG_WARN_CONSTANT_CONVERSION = YES;
				CLANG_WARN_DIRECT_OBJC_ISA_USAGE = YES_ERROR;
				CLANG_WARN_EMPTY_BODY = YES;
				CLANG_WARN_ENUM_CONVERSION = YES;
				CLANG_WARN_INFINITE_RECURSION = YES;
				CLANG_WARN_INT_CONVERSION = YES;
				CLANG_WARN_OBJC_ROOT_CLASS = YES_ERROR;
				CLANG_WARN_SUSPICIOUS_MOVE = YES;
				CLANG_WARN_UNREACHABLE_CODE = YES;
				CLANG_WARN__DUPLICATE_METHOD_MATCH = YES;
				COPY_PHASE_STRIP = NO;
				DEBUG_INFORMATION_FORMAT = dwarf;
				ENABLE_STRICT_OBJC_MSGSEND = YES;
				ENABLE_TESTABILITY = YES;
				GCC_C_LANGUAGE_STANDARD = gnu99;
				GCC_DYNAMIC_NO_PIC = NO;
				GCC_NO_COMMON_BLOCKS = YES;
				GCC_OPTIMIZATION_LEVEL = 0;
				GCC_PREPROCESSOR_DEFINITIONS = (
					"DEBUG=1",
					"$(inherited)",
				);
				GCC_WARN_64_TO_32_BIT_CONVERSION = YES;
				GCC_WARN_ABOUT_RETURN_TYPE = YES_ERROR;
				GCC_WARN_UNDECLARED_SELECTOR = YES;
				GCC_WARN_UNINITIALIZED_AUTOS = YES_AGGRESSIVE;
				GCC_WARN_UNUSED_FUNCTION = YES;
				GCC_WARN_UNUSED_VARIABLE = YES;
				IPHONEOS_DEPLOYMENT_TARGET = 9.0;
				MTL_ENABLE_DEBUG_INFO = YES;
				ONLY_ACTIVE_ARCH = YES;
				SDKROOT = iphoneos;
				SWIFT_OPTIMIZATION_LEVEL = "-Onone";
			};
			name = Debug;
		};
		49B252021CB2F26B005C88C9 /* Release */ = {
			isa = XCBuildConfiguration;
			buildSettings = {
				ALWAYS_SEARCH_USER_PATHS = NO;
				CLANG_ANALYZER_NONNULL = YES;
				CLANG_CXX_LANGUAGE_STANDARD = "gnu++0x";
				CLANG_CXX_LIBRARY = "libc++";
				CLANG_ENABLE_MODULES = YES;
				CLANG_ENABLE_OBJC_ARC = YES;
				CLANG_WARN_BOOL_CONVERSION = YES;
				CLANG_WARN_CONSTANT_CONVERSION = YES;
				CLANG_WARN_DIRECT_OBJC_ISA_USAGE = YES_ERROR;
				CLANG_WARN_EMPTY_BODY = YES;
				CLANG_WARN_ENUM_CONVERSION = YES;
				CLANG_WARN_INFINITE_RECURSION = YES;
				CLANG_WARN_INT_CONVERSION = YES;
				CLANG_WARN_OBJC_ROOT_CLASS = YES_ERROR;
				CLANG_WARN_SUSPICIOUS_MOVE = YES;
				CLANG_WARN_UNREACHABLE_CODE = YES;
				CLANG_WARN__DUPLICATE_METHOD_MATCH = YES;
				COPY_PHASE_STRIP = NO;
				DEBUG_INFORMATION_FORMAT = "dwarf-with-dsym";
				ENABLE_NS_ASSERTIONS = NO;
				ENABLE_STRICT_OBJC_MSGSEND = YES;
				GCC_C_LANGUAGE_STANDARD = gnu99;
				GCC_NO_COMMON_BLOCKS = YES;
				GCC_WARN_64_TO_32_BIT_CONVERSION = YES;
				GCC_WARN_ABOUT_RETURN_TYPE = YES_ERROR;
				GCC_WARN_UNDECLARED_SELECTOR = YES;
				GCC_WARN_UNINITIALIZED_AUTOS = YES_AGGRESSIVE;
				GCC_WARN_UNUSED_FUNCTION = YES;
				GCC_WARN_UNUSED_VARIABLE = YES;
				IPHONEOS_DEPLOYMENT_TARGET = 9.0;
				MTL_ENABLE_DEBUG_INFO = NO;
				SDKROOT = iphoneos;
				VALIDATE_PRODUCT = YES;
			};
			name = Release;
		};
		49B252041CB2F26B005C88C9 /* Debug */ = {
			isa = XCBuildConfiguration;
			baseConfigurationReference = D07A537C06C51C24CADEF4A3 /* Pods-GDSA.debug.xcconfig */;
			buildSettings = {
				ASSETCATALOG_COMPILER_APPICON_NAME = AppIcon;
				CODE_SIGN_IDENTITY = "iPhone Developer: Andreas P. Koenzen (5GQB46H9ER)";
				DEVELOPMENT_TEAM = 8JQ7MFA6Q2;
				INFOPLIST_FILE = "$(SRCROOT)/GDSA/Supporting Files/Info.plist";
				LD_RUNPATH_SEARCH_PATHS = "$(inherited) @executable_path/Frameworks";
				PRODUCT_BUNDLE_IDENTIFIER = net.apkc.projects.ios.GDSA;
				PRODUCT_NAME = "$(TARGET_NAME)";
				PROVISIONING_PROFILE_SPECIFIER = "GDSA (iOS Development)";
				SWIFT_OBJC_BRIDGING_HEADER = GDSA/iPhone/Application/AKBridgingHeader.h;
				SWIFT_VERSION = 3.0;
			};
			name = Debug;
		};
		49B252051CB2F26B005C88C9 /* Release */ = {
			isa = XCBuildConfiguration;
			baseConfigurationReference = 171705F8CE2165FB5BB5DD10 /* Pods-GDSA.release.xcconfig */;
			buildSettings = {
				ASSETCATALOG_COMPILER_APPICON_NAME = AppIcon;
				CODE_SIGN_IDENTITY = "iPhone Distribution: Andreas P. Koenzen (8JQ7MFA6Q2)";
				DEVELOPMENT_TEAM = 8JQ7MFA6Q2;
				INFOPLIST_FILE = "$(SRCROOT)/GDSA/Supporting Files/Info.plist";
				LD_RUNPATH_SEARCH_PATHS = "$(inherited) @executable_path/Frameworks";
				PRODUCT_BUNDLE_IDENTIFIER = net.apkc.projects.ios.GDSA;
				PRODUCT_NAME = "$(TARGET_NAME)";
				PROVISIONING_PROFILE_SPECIFIER = "GDSA (iOS Distribution)";
				SWIFT_OBJC_BRIDGING_HEADER = GDSA/iPhone/Application/AKBridgingHeader.h;
				SWIFT_OPTIMIZATION_LEVEL = "-Owholemodule";
				SWIFT_VERSION = 3.0;
			};
			name = Release;
		};
/* End XCBuildConfiguration section */

/* Begin XCConfigurationList section */
		49B251EC1CB2F26B005C88C9 /* Build configuration list for PBXProject "GDSA" */ = {
			isa = XCConfigurationList;
			buildConfigurations = (
				49B252011CB2F26B005C88C9 /* Debug */,
				49B252021CB2F26B005C88C9 /* Release */,
			);
			defaultConfigurationIsVisible = 0;
			defaultConfigurationName = Release;
		};
		49B252031CB2F26B005C88C9 /* Build configuration list for PBXNativeTarget "GDSA" */ = {
			isa = XCConfigurationList;
			buildConfigurations = (
				49B252041CB2F26B005C88C9 /* Debug */,
				49B252051CB2F26B005C88C9 /* Release */,
			);
			defaultConfigurationIsVisible = 0;
			defaultConfigurationName = Release;
		};
/* End XCConfigurationList section */
	};
	rootObject = 49B251E91CB2F26B005C88C9 /* Project object */;
}
